dependencies:
- name: cert-manager
  repository: https://charts.jetstack.io
  version: v1.20.2
- name: kube-prometheus-stack
  repository: https://prometheus-community.github.io/helm-charts
  version: 83.5.1
digest: sha256:2abd331db033f1664bd74cf88c38e7b9f5f2e7a38f2efa1f6e22e09008b353eb
generated: "2026-04-17T18:21:39.728452567Z"
