dependencies:
- name: cert-manager
  repository: https://charts.jetstack.io
  version: v1.20.1
- name: kube-prometheus-stack
  repository: https://prometheus-community.github.io/helm-charts
  version: 83.4.2
digest: sha256:17c25309cccdf5c3fc69ecef261f1b3993c8f7466417dffe6e9ba3fb8fea1146
generated: "2026-04-15T12:47:22.65286819Z"
