dependencies:
- name: cert-manager
  repository: https://charts.jetstack.io
  version: v1.20.1
- name: kube-prometheus-stack
  repository: https://prometheus-community.github.io/helm-charts
  version: 83.6.0
digest: sha256:dec0bde070e09b3205df333d7b18ce64225250cbdd25693e997e6864954246cc
generated: "2026-04-20T14:48:18.523748782Z"
