dependencies:
- name: prometheus-adapter
  repository: https://prometheus-community.github.io/helm-charts
  version: 5.3.0
- name: descheduler
  repository: https://kubernetes-sigs.github.io/descheduler
  version: 0.36.0
- name: ingress-anubis
  repository: oci://ghcr.io/jaredallard/helm-charts
  version: 1.10.5
- name: kube-prometheus-stack
  repository: https://prometheus-community.github.io/helm-charts
  version: 87.0.1
- name: headscale-operator
  repository: oci://ghcr.io/infradohq/headscale-operator/charts
  version: 0.4.0
digest: sha256:2a249d68691202f72fd8287eae65978db21018102ba2eb100dcd011558b4bc71
generated: "2026-06-23T12:43:38.276648256Z"
