dependencies:
- name: secrets-store-csi-driver
  repository: https://kubernetes-sigs.github.io/secrets-store-csi-driver/charts
  version: 1.4.8
- name: infisical-csi-provider
  repository: https://dl.cloudsmith.io/public/infisical/helm-charts/helm/charts
  version: 0.1.0
- name: secrets-operator
  repository: https://dl.cloudsmith.io/public/infisical/helm-charts/helm/charts
  version: 0.8.12
- name: prometheus-adapter
  repository: https://prometheus-community.github.io/helm-charts
  version: 5.3.0
- name: descheduler
  repository: https://kubernetes-sigs.github.io/descheduler
  version: 0.33.0
digest: sha256:79a37e1cf51d783fa39058ee43145d9d18d81678d47ff4f62c9df25adb27b764
generated: "2026-04-07T02:12:54.499938856Z"
