dependencies:
- name: prometheus-adapter
  repository: https://prometheus-community.github.io/helm-charts
  version: 5.3.0
- name: descheduler
  repository: https://kubernetes-sigs.github.io/descheduler
  version: 0.35.1
- name: ingress-anubis
  repository: oci://ghcr.io/jaredallard/helm-charts
  version: 1.10.5
- name: kube-prometheus-stack
  repository: https://prometheus-community.github.io/helm-charts
  version: 84.5.0
- name: headscale-operator
  repository: oci://ghcr.io/infradohq/headscale-operator/charts
  version: 0.4.0
digest: sha256:ce4b4ed0c0b022748bbcedada59896ed6cf3be132384d759e2cefbad3f28d0a1
generated: "2026-05-05T17:15:28.786386613Z"
