dependencies:
- name: searxng
  repository: https://raw.githubusercontent.com/searxng/searxng-helm-chart/refs/heads/gh-pages
  version: 1.0.1
- name: searxng
  repository: https://raw.githubusercontent.com/searxng/searxng-helm-chart/refs/heads/gh-pages
  version: 1.0.1
- name: wireguard
  repository: https://bryopsida.github.io/wireguard-chart
  version: 0.31.2
- name: app-template
  repository: https://bjw-s-labs.github.io/helm-charts
  version: 4.6.2
- name: app-template
  repository: https://bjw-s-labs.github.io/helm-charts
  version: 4.6.2
- name: argo-cd
  repository: https://argoproj.github.io/argo-helm
  version: 9.6.0
digest: sha256:92287b87ca740ea987d709cf0f54419ead6f4468862641fe5e90890e79efc7a9
generated: "2026-06-22T12:44:44.13554442Z"
