dependencies:
- name: redis
  repository: https://charts.bitnami.com/bitnami
  version: 25.3.9
- name: searxng
  repository: https://raw.githubusercontent.com/searxng/searxng-helm-chart/refs/heads/gh-pages
  version: 1.0.1
- name: wireguard
  repository: https://bryopsida.github.io/wireguard-chart
  version: 0.29.0
- name: emqx-enterprise
  repository: https://repos.emqx.io/charts
  version: 5.10.0
- name: app-template
  repository: https://bjw-s-labs.github.io/helm-charts
  version: 4.6.2
digest: sha256:2869d9194edf2e791b34d086089301d40db2bb0b5c861c07f05390dc8efc28db
generated: "2026-04-07T02:01:46.073167436+01:00"
