dependencies:
- name: searxng
  repository: https://raw.githubusercontent.com/searxng/searxng-helm-chart/refs/heads/gh-pages
  version: 1.0.1
- name: searxng
  repository: https://raw.githubusercontent.com/searxng/searxng-helm-chart/refs/heads/gh-pages
  version: 1.0.1
- name: wireguard
  repository: https://bryopsida.github.io/wireguard-chart
  version: 0.31.2
- name: app-template
  repository: https://bjw-s-labs.github.io/helm-charts
  version: 4.6.2
- name: app-template
  repository: https://bjw-s-labs.github.io/helm-charts
  version: 4.6.2
- name: argo-cd
  repository: https://argoproj.github.io/argo-helm
  version: 9.5.14
digest: sha256:95ff162a9dc1fb5ad9b88fbee625c8108aa4dd660e22544d0474d53da9da0620
generated: "2026-05-16T20:13:35.634119638Z"
